
Microsoft Visual Studio Solution File, Format Version 12.00
Project("{FAE04EC0-301F-11D3-BF4B-00C04F79EFBC}") = "SharpyJson", "SharpyJson.csproj", "{AA7F3950-307D-415C-B800-DAEC9C85E7F2}"
EndProject
Project("{FAE04EC0-301F-11D3-BF4B-00C04F79EFBC}") = "UnitTests", "UnitTests\UnitTests.csproj", "{02FC7C46-AA36-46B9-AE12-943E2AADF0D1}"
EndProject
Global
	GlobalSection(SolutionConfigurationPlatforms) = preSolution
		Debug|Any CPU = Debug|Any CPU
		Release|Any CPU = Release|Any CPU
	EndGlobalSection
	GlobalSection(ProjectConfigurationPlatforms) = postSolution
		{AA7F3950-307D-415C-B800-DAEC9C85E7F2}.Debug|Any CPU.ActiveCfg = Debug|Any CPU
		{AA7F3950-307D-415C-B800-DAEC9C85E7F2}.Debug|Any CPU.Build.0 = Debug|Any CPU
		{AA7F3950-307D-415C-B800-DAEC9C85E7F2}.Release|Any CPU.ActiveCfg = Release|Any CPU
		{AA7F3950-307D-415C-B800-DAEC9C85E7F2}.Release|Any CPU.Build.0 = Release|Any CPU
		{02FC7C46-AA36-46B9-AE12-943E2AADF0D1}.Debug|Any CPU.ActiveCfg = Debug|Any CPU
		{02FC7C46-AA36-46B9-AE12-943E2AADF0D1}.Debug|Any CPU.Build.0 = Debug|Any CPU
		{02FC7C46-AA36-46B9-AE12-943E2AADF0D1}.Release|Any CPU.ActiveCfg = Release|Any CPU
		{02FC7C46-AA36-46B9-AE12-943E2AADF0D1}.Release|Any CPU.Build.0 = Release|Any CPU
	EndGlobalSection
EndGlobal
